<?xml version="1.0" encoding="utf-8"?>
<Project ToolsVersion="4.0" xmlns="http://schemas.microsoft.com/developer/msbuild/2003">
  <ItemGroup>
    <Filter Include="Source Files">
      <UniqueIdentifier>{4FC737F1-C7A5-4376-A066-2A32D752A2FF}</UniqueIdentifier>
      <Extensions>cpp;c;cc;cxx;c++;cppm;ixx;def;odl;idl;hpj;bat;asm;asmx</Extensions>
    </Filter>
    <Filter Include="Header Files">
      <UniqueIdentifier>{93995380-89BD-4b04-88EB-625FBE52EBFB}</UniqueIdentifier>
      <Extensions>h;hh;hpp;hxx;h++;hm;inl;inc;ipp;xsd</Extensions>
    </Filter>
    <Filter Include="Resource Files">
      <UniqueIdentifier>{67DA6AB6-F800-4c08-8B7A-83BB121AAD01}</UniqueIdentifier>
      <Extensions>rc;ico;cur;bmp;dlg;rc2;rct;bin;rgs;gif;jpg;jpeg;jpe;resx;tiff;tif;png;wav;mfcribbon-ms</Extensions>
    </Filter>
  </ItemGroup>
  <ItemGroup>
    <ClCompile Include="main.cpp">
      <Filter>Source Files</Filter>
    </ClCompile>
    <ClCompile Include="renderer\renderer.cpp">
      <Filter>Source Files</Filter>
    </ClCompile>
    <ClCompile Include="shaders\shaders.cpp">
      <Filter>Source Files</Filter>
    </ClCompile>
    <ClCompile Include="..\externals\glad\src\glad.c">
      <Filter>Source Files</Filter>
    </ClCompile>
    <ClCompile Include="resources\resources.cpp">
      <Filter>Source Files</Filter>
    </ClCompile>
    <ClCompile Include="model\model.cpp">
      <Filter>Source Files</Filter>
    </ClCompile>
    <ClCompile Include="model\mesh.cpp">
      <Filter>Source Files</Filter>
    </ClCompile>
    <ClCompile Include="scenes\scene.cpp">
      <Filter>Source Files</Filter>
    </ClCompile>
    <ClCompile Include="scenes\basic_3d.cpp">
      <Filter>Source Files</Filter>
    </ClCompile>
    <ClCompile Include="scenes\phong.cpp">
      <Filter>Source Files</Filter>
    </ClCompile>
    <ClCompile Include="scenes\geometry_explode.cpp">
      <Filter>Source Files</Filter>
    </ClCompile>
    <ClCompile Include="scenes\bezier.cpp">
      <Filter>Source Files</Filter>
    </ClCompile>
    <ClCompile Include="scenes\tfb_particles.cpp">
      <Filter>Source Files</Filter>
    </ClCompile>
    <ClCompile Include="scenes\shadows.cpp">
      <Filter>Source Files</Filter>
    </ClCompile>
    <ClCompile Include="scenes\reflections.cpp">
      <Filter>Source Files</Filter>
    </ClCompile>
    <ClCompile Include="scenes\cubemap_reflections.cpp">
      <Filter>Source Files</Filter>
    </ClCompile>
  </ItemGroup>
  <ItemGroup>
    <None Include="assimp-vc142-mt.dll" />
  </ItemGroup>
  <ItemGroup>
    <ClInclude Include="common\common_types.h">
      <Filter>Header Files</Filter>
    </ClInclude>
    <ClInclude Include="renderer\renderer.h">
      <Filter>Header Files</Filter>
    </ClInclude>
    <ClInclude Include="shaders\basic_rasterizer.h">
      <Filter>Header Files</Filter>
    </ClInclude>
    <ClInclude Include="shaders\shaders.h">
      <Filter>Header Files</Filter>
    </ClInclude>
    <ClInclude Include="resources\resources.h">
      <Filter>Header Files</Filter>
    </ClInclude>
    <ClInclude Include="model\model.h">
      <Filter>Header Files</Filter>
    </ClInclude>
    <ClInclude Include="model\mesh.h">
      <Filter>Header Files</Filter>
    </ClInclude>
    <ClInclude Include="shaders\phong_shading.h">
      <Filter>Header Files</Filter>
    </ClInclude>
    <ClInclude Include="shaders\bezier_tess.h">
      <Filter>Header Files</Filter>
    </ClInclude>
    <ClInclude Include="shaders\geometry_shader.h">
      <Filter>Header Files</Filter>
    </ClInclude>
    <ClInclude Include="scenes\scene.h">
      <Filter>Header Files</Filter>
    </ClInclude>
    <ClInclude Include="scenes\basic_3d.h">
      <Filter>Header Files</Filter>
    </ClInclude>
    <ClInclude Include="scenes\phong.h">
      <Filter>Header Files</Filter>
    </ClInclude>
    <ClInclude Include="scenes\geometry_explode.h">
      <Filter>Header Files</Filter>
    </ClInclude>
    <ClInclude Include="scenes\bezier.h">
      <Filter>Header Files</Filter>
    </ClInclude>
    <ClInclude Include="shaders\bezier_geom.h">
      <Filter>Header Files</Filter>
    </ClInclude>
    <ClInclude Include="scenes\tfb_particles.h">
      <Filter>Header Files</Filter>
    </ClInclude>
    <ClInclude Include="shaders\tfb_particles.h">
      <Filter>Header Files</Filter>
    </ClInclude>
    <ClInclude Include="scenes\shadows.h">
      <Filter>Header Files</Filter>
    </ClInclude>
    <ClInclude Include="shaders\two_light_shading.h">
      <Filter>Header Files</Filter>
    </ClInclude>
    <ClInclude Include="shaders\shadow_mapping.h">
      <Filter>Header Files</Filter>
    </ClInclude>
    <ClInclude Include="scenes\reflections.h">
      <Filter>Header Files</Filter>
    </ClInclude>
    <ClInclude Include="shaders\fullscreen_sampling.h">
      <Filter>Header Files</Filter>
    </ClInclude>
    <ClInclude Include="shaders\reflections_textures.h">
      <Filter>Header Files</Filter>
    </ClInclude>
    <ClInclude Include="shaders\ssr_ray_marching.h">
      <Filter>Header Files</Filter>
    </ClInclude>
    <ClInclude Include="shaders\reflection_cubemapping.h">
      <Filter>Header Files</Filter>
    </ClInclude>
    <ClInclude Include="scenes\cubemap_reflections.h">
      <Filter>Header Files</Filter>
    </ClInclude>
  </ItemGroup>
</Project>